{
  "lockfile_version": "1",
  "packages": {
    "rustup@latest": {
      "last_modified": "2023-09-10T10:53:27Z",
      "plugin_version": "0.0.1",
      "resolved": "github:NixOS/nixpkgs/78058d810644f5ed276804ce7ea9e82d92bee293#rustup",
      "source": "devbox-search",
      "version": "1.26.0"
    }
  }
}
